
Microsoft Visual Studio Solution File, Format Version 12.00
# Visual Studio Version 17
VisualStudioVersion = 17.10.35013.160
MinimumVisualStudioVersion = 10.0.40219.1
Project("{9A19103F-16F7-4668-BE54-9A1E7A4F7556}") = "TM.Web", "TM.Web\TM.Web.csproj", "{61DB1739-E266-4FE9-82D9-67DC4C6EA9CE}"
EndProject
Project("{9A19103F-16F7-4668-BE54-9A1E7A4F7556}") = "TM.Arquitecture", "TM.Arquitecture\TM.Arquitecture.csproj", "{BD32BEC9-76E4-4B68-ABB0-FF8BA7B7B2A6}"
EndProject
Project("{FAE04EC0-301F-11D3-BF4B-00C04F79EFBC}") = "TM.Data", "TM.Data\TM.Data.csproj", "{AE070F8C-1B21-450B-9436-F0EAFB6F1787}"
EndProject
Global
	GlobalSection(SolutionConfigurationPlatforms) = preSolution
		Debug|Any CPU = Debug|Any CPU
		Release|Any CPU = Release|Any CPU
	EndGlobalSection
	GlobalSection(ProjectConfigurationPlatforms) = postSolution
		{61DB1739-E266-4FE9-82D9-67DC4C6EA9CE}.Debug|Any CPU.ActiveCfg = Debug|Any CPU
		{61DB1739-E266-4FE9-82D9-67DC4C6EA9CE}.Debug|Any CPU.Build.0 = Debug|Any CPU
		{61DB1739-E266-4FE9-82D9-67DC4C6EA9CE}.Release|Any CPU.ActiveCfg = Release|Any CPU
		{61DB1739-E266-4FE9-82D9-67DC4C6EA9CE}.Release|Any CPU.Build.0 = Release|Any CPU
		{BD32BEC9-76E4-4B68-ABB0-FF8BA7B7B2A6}.Debug|Any CPU.ActiveCfg = Debug|Any CPU
		{BD32BEC9-76E4-4B68-ABB0-FF8BA7B7B2A6}.Debug|Any CPU.Build.0 = Debug|Any CPU
		{BD32BEC9-76E4-4B68-ABB0-FF8BA7B7B2A6}.Release|Any CPU.ActiveCfg = Release|Any CPU
		{BD32BEC9-76E4-4B68-ABB0-FF8BA7B7B2A6}.Release|Any CPU.Build.0 = Release|Any CPU
		{AE070F8C-1B21-450B-9436-F0EAFB6F1787}.Debug|Any CPU.ActiveCfg = Debug|Any CPU
		{AE070F8C-1B21-450B-9436-F0EAFB6F1787}.Debug|Any CPU.Build.0 = Debug|Any CPU
		{AE070F8C-1B21-450B-9436-F0EAFB6F1787}.Release|Any CPU.ActiveCfg = Release|Any CPU
		{AE070F8C-1B21-450B-9436-F0EAFB6F1787}.Release|Any CPU.Build.0 = Release|Any CPU
	EndGlobalSection
	GlobalSection(SolutionProperties) = preSolution
		HideSolutionNode = FALSE
	EndGlobalSection
	GlobalSection(ExtensibilityGlobals) = postSolution
		SolutionGuid = {6E4D2FFD-2981-49A5-88CA-857EE05F7E8B}
	EndGlobalSection
EndGlobal
